
Microsoft Visual Studio Solution File, Format Version 12.00
# Visual Studio Version 16
VisualStudioVersion = 16.0.31727.386
MinimumVisualStudioVersion = 10.0.40219.1
Project("{FAE04EC0-301F-11D3-BF4B-00C04F79EFBC}") = "readxml", "readxml\readxml.csproj", "{AD4C3E6C-B976-4634-8149-62080D680882}"
EndProject
Global
	GlobalSection(SolutionConfigurationPlatforms) = preSolution
		Debug|Any CPU = Debug|Any CPU
		Release|Any CPU = Release|Any CPU
	EndGlobalSection
	GlobalSection(ProjectConfigurationPlatforms) = postSolution
		{AD4C3E6C-B976-4634-8149-62080D680882}.Debug|Any CPU.ActiveCfg = Debug|Any CPU
		{AD4C3E6C-B976-4634-8149-62080D680882}.Debug|Any CPU.Build.0 = Debug|Any CPU
		{AD4C3E6C-B976-4634-8149-62080D680882}.Release|Any CPU.ActiveCfg = Release|Any CPU
		{AD4C3E6C-B976-4634-8149-62080D680882}.Release|Any CPU.Build.0 = Release|Any CPU
	EndGlobalSection
	GlobalSection(SolutionProperties) = preSolution
		HideSolutionNode = FALSE
	EndGlobalSection
	GlobalSection(ExtensibilityGlobals) = postSolution
		SolutionGuid = {1DCE670B-D4F7-4DBA-9B65-BA99BC28D3D9}
	EndGlobalSection
EndGlobal
