
Microsoft Visual Studio Solution File, Format Version 12.00
# Visual Studio Version 16
VisualStudioVersion = 16.0.31729.503
MinimumVisualStudioVersion = 10.0.40219.1
Project("{FAE04EC0-301F-11D3-BF4B-00C04F79EFBC}") = "staticconcept", "staticconcept\staticconcept.csproj", "{97339E05-8336-4FF1-9988-931FA1783B5B}"
EndProject
Global
	GlobalSection(SolutionConfigurationPlatforms) = preSolution
		Debug|Any CPU = Debug|Any CPU
		Release|Any CPU = Release|Any CPU
	EndGlobalSection
	GlobalSection(ProjectConfigurationPlatforms) = postSolution
		{97339E05-8336-4FF1-9988-931FA1783B5B}.Debug|Any CPU.ActiveCfg = Debug|Any CPU
		{97339E05-8336-4FF1-9988-931FA1783B5B}.Debug|Any CPU.Build.0 = Debug|Any CPU
		{97339E05-8336-4FF1-9988-931FA1783B5B}.Release|Any CPU.ActiveCfg = Release|Any CPU
		{97339E05-8336-4FF1-9988-931FA1783B5B}.Release|Any CPU.Build.0 = Release|Any CPU
	EndGlobalSection
	GlobalSection(SolutionProperties) = preSolution
		HideSolutionNode = FALSE
	EndGlobalSection
	GlobalSection(ExtensibilityGlobals) = postSolution
		SolutionGuid = {A081CEF7-04CD-43CC-A6AD-6EDCCD8CFF1B}
	EndGlobalSection
EndGlobal
